/pscratch/sd/n/nberk/intermediate_files/Zmays_833_Zm-B73-REFERENCE-NAM-5.0.labels.csv
/pscratch/sd/n/nberk/intermediate_files/Phallii_590_v3.0.labels.csv
/pscratch/sd/n/nberk/intermediate_files/Bdistachyon_556_v3.0.labels.csv
/pscratch/sd/n/nberk/intermediate_files/Pvirgatum_516_v5.0.labels.csv
/pscratch/sd/n/nberk/intermediate_files/Sbicolor_730_v5.0.labels.csv
/pscratch/sd/n/nberk/intermediate_files/Sviridis_726_v4.0.labels.csv
/pscratch/sd/n/nberk/intermediate_files/Tintermedium_770_v3.0.labels.csv
/pscratch/sd/n/nberk/intermediate_files/OsativaKitaake_499_v3.0.labels.csv
/pscratch/sd/n/nberk/intermediate_files/Zmays_833_Zm-B73-REFERENCE-NAM-5.0.json
/pscratch/sd/n/nberk/results/annotation/Zmays_833_Zm-B73-REFERENCE-NAM-5.0.55.gene_exons.gff3.gz
/pscratch/sd/n/nberk/repeat_bed/Zmays_833_Zm-B73-REFERENCE-NAM-5.0.repeat.bed
/pscratch/sd/n/nberk/intermediate_files/Zmays_833_Zm-B73-REFERENCE-NAM-5.0.introns.bed
/pscratch/sd/n/nberk/results/genome/Zmays_833_Zm-B73-REFERENCE-NAM-5.0.fa.gz
/pscratch/sd/n/nberk/results/annotation/Zmays_833_Zm-B73-REFERENCE-NAM-5.0.55.gene_exons.gff3.gz
/pscratch/sd/n/nberk/intermediate_files/Zmays_833_Zm-B73-REFERENCE-NAM-5.0.introns.bed
/pscratch/sd/n/nberk/intermediate_files/Zmays_833_Zm-B73-REFERENCE-NAM-5.0.chrom_len.tsv
/pscratch/sd/n/nberk/intermediate_files/Zmays_833_Zm-B73-REFERENCE-NAM-5.0.repeat.bed
/pscratch/sd/n/nberk/results/annotation/Zmays_833_Zm-B73-REFERENCE-NAM-5.0.55.gene_exons.gff3.gz
/pscratch/sd/n/nberk/results/genome/Zmays_833_Zm-B73-REFERENCE-NAM-5.0.fa.gz
/pscratch/sd/n/nberk/results/hardmasked_fa/Zmays_833_Zm-B73-REFERENCE-NAM-5.0.hardmasked.fa.gz
/pscratch/sd/n/nberk/intermediate_files/Phallii_590_v3.0.json
/pscratch/sd/n/nberk/results/annotation/Phallii_590_v3.2.gene_exons.gff3.gz
/pscratch/sd/n/nberk/repeat_bed/Phallii_590_v3.0.repeat.bed
/pscratch/sd/n/nberk/intermediate_files/Phallii_590_v3.0.introns.bed
/pscratch/sd/n/nberk/results/genome/Phallii_590_v3.0.fa.gz
/pscratch/sd/n/nberk/results/annotation/Phallii_590_v3.2.gene_exons.gff3.gz
/pscratch/sd/n/nberk/intermediate_files/Phallii_590_v3.0.introns.bed
/pscratch/sd/n/nberk/intermediate_files/Phallii_590_v3.0.chrom_len.tsv
/pscratch/sd/n/nberk/intermediate_files/Phallii_590_v3.0.repeat.bed
/pscratch/sd/n/nberk/results/annotation/Phallii_590_v3.2.gene_exons.gff3.gz
/pscratch/sd/n/nberk/results/genome/Phallii_590_v3.0.fa.gz
/pscratch/sd/n/nberk/results/hardmasked_fa/Phallii_590_v3.0.hardmasked.fa.gz
/pscratch/sd/n/nberk/intermediate_files/Bdistachyon_556_v3.0.json
/pscratch/sd/n/nberk/results/annotation/Bdistachyon_556_v3.2.gene_exons.gff3.gz
/pscratch/sd/n/nberk/repeat_bed/Bdistachyon_556_v3.0.repeat.bed
/pscratch/sd/n/nberk/intermediate_files/Bdistachyon_556_v3.0.introns.bed
/pscratch/sd/n/nberk/results/genome/Bdistachyon_556_v3.0.fa.gz
/pscratch/sd/n/nberk/results/annotation/Bdistachyon_556_v3.2.gene_exons.gff3.gz
/pscratch/sd/n/nberk/intermediate_files/Bdistachyon_556_v3.0.introns.bed
/pscratch/sd/n/nberk/intermediate_files/Bdistachyon_556_v3.0.chrom_len.tsv
/pscratch/sd/n/nberk/intermediate_files/Bdistachyon_556_v3.0.repeat.bed
/pscratch/sd/n/nberk/results/annotation/Bdistachyon_556_v3.2.gene_exons.gff3.gz
/pscratch/sd/n/nberk/results/genome/Bdistachyon_556_v3.0.fa.gz
/pscratch/sd/n/nberk/results/hardmasked_fa/Bdistachyon_556_v3.0.hardmasked.fa.gz
/pscratch/sd/n/nberk/intermediate_files/Pvirgatum_516_v5.0.json
/pscratch/sd/n/nberk/results/annotation/Pvirgatum_516_v5.1.gene_exons.gff3.gz
/pscratch/sd/n/nberk/repeat_bed/Pvirgatum_516_v5.0.repeat.bed
/pscratch/sd/n/nberk/intermediate_files/Pvirgatum_516_v5.0.introns.bed
/pscratch/sd/n/nberk/results/genome/Pvirgatum_516_v5.0.fa.gz
/pscratch/sd/n/nberk/results/annotation/Pvirgatum_516_v5.1.gene_exons.gff3.gz
/pscratch/sd/n/nberk/intermediate_files/Pvirgatum_516_v5.0.introns.bed
/pscratch/sd/n/nberk/intermediate_files/Pvirgatum_516_v5.0.chrom_len.tsv
/pscratch/sd/n/nberk/intermediate_files/Pvirgatum_516_v5.0.repeat.bed
/pscratch/sd/n/nberk/results/annotation/Pvirgatum_516_v5.1.gene_exons.gff3.gz
/pscratch/sd/n/nberk/results/genome/Pvirgatum_516_v5.0.fa.gz
/pscratch/sd/n/nberk/results/hardmasked_fa/Pvirgatum_516_v5.0.hardmasked.fa.gz
/pscratch/sd/n/nberk/intermediate_files/Sbicolor_730_v5.0.json
/pscratch/sd/n/nberk/results/annotation/Sbicolor_730_v5.1.gene_exons.gff3.gz
/pscratch/sd/n/nberk/repeat_bed/Sbicolor_730_v5.0.repeat.bed
/pscratch/sd/n/nberk/intermediate_files/Sbicolor_730_v5.0.introns.bed
/pscratch/sd/n/nberk/results/genome/Sbicolor_730_v5.0.fa.gz
/pscratch/sd/n/nberk/results/annotation/Sbicolor_730_v5.1.gene_exons.gff3.gz
/pscratch/sd/n/nberk/intermediate_files/Sbicolor_730_v5.0.introns.bed
/pscratch/sd/n/nberk/intermediate_files/Sbicolor_730_v5.0.chrom_len.tsv
/pscratch/sd/n/nberk/intermediate_files/Sbicolor_730_v5.0.repeat.bed
/pscratch/sd/n/nberk/results/annotation/Sbicolor_730_v5.1.gene_exons.gff3.gz
/pscratch/sd/n/nberk/results/genome/Sbicolor_730_v5.0.fa.gz
/pscratch/sd/n/nberk/results/hardmasked_fa/Sbicolor_730_v5.0.hardmasked.fa.gz
/pscratch/sd/n/nberk/intermediate_files/Sviridis_726_v4.0.json
/pscratch/sd/n/nberk/results/annotation/Sviridis_726_v4.1.gene_exons.gff3.gz
/pscratch/sd/n/nberk/repeat_bed/Sviridis_726_v4.0.repeat.bed
/pscratch/sd/n/nberk/intermediate_files/Sviridis_726_v4.0.introns.bed
/pscratch/sd/n/nberk/results/genome/Sviridis_726_v4.0.fa.gz
/pscratch/sd/n/nberk/results/annotation/Sviridis_726_v4.1.gene_exons.gff3.gz
/pscratch/sd/n/nberk/intermediate_files/Sviridis_726_v4.0.introns.bed
/pscratch/sd/n/nberk/intermediate_files/Sviridis_726_v4.0.chrom_len.tsv
/pscratch/sd/n/nberk/intermediate_files/Sviridis_726_v4.0.repeat.bed
/pscratch/sd/n/nberk/results/annotation/Sviridis_726_v4.1.gene_exons.gff3.gz
/pscratch/sd/n/nberk/results/genome/Sviridis_726_v4.0.fa.gz
/pscratch/sd/n/nberk/results/hardmasked_fa/Sviridis_726_v4.0.hardmasked.fa.gz
/pscratch/sd/n/nberk/intermediate_files/Tintermedium_770_v3.0.json
/pscratch/sd/n/nberk/results/annotation/Tintermedium_770_v3.1.gene_exons.gff3.gz
/pscratch/sd/n/nberk/repeat_bed/Tintermedium_770_v3.0.repeat.bed
/pscratch/sd/n/nberk/intermediate_files/Tintermedium_770_v3.0.introns.bed
/pscratch/sd/n/nberk/results/genome/Tintermedium_770_v3.0.fa.gz
/pscratch/sd/n/nberk/results/annotation/Tintermedium_770_v3.1.gene_exons.gff3.gz
/pscratch/sd/n/nberk/intermediate_files/Tintermedium_770_v3.0.introns.bed
/pscratch/sd/n/nberk/intermediate_files/Tintermedium_770_v3.0.chrom_len.tsv
/pscratch/sd/n/nberk/intermediate_files/Tintermedium_770_v3.0.repeat.bed
/pscratch/sd/n/nberk/results/annotation/Tintermedium_770_v3.1.gene_exons.gff3.gz
/pscratch/sd/n/nberk/results/genome/Tintermedium_770_v3.0.fa.gz
/pscratch/sd/n/nberk/results/hardmasked_fa/Tintermedium_770_v3.0.hardmasked.fa.gz
/pscratch/sd/n/nberk/intermediate_files/OsativaKitaake_499_v3.0.json
/pscratch/sd/n/nberk/results/annotation/OsativaKitaake_499_v3.1.gene_exons.gff3.gz
/pscratch/sd/n/nberk/repeat_bed/OsativaKitaake_499_v3.0.repeat.bed
/pscratch/sd/n/nberk/intermediate_files/OsativaKitaake_499_v3.0.introns.bed
/pscratch/sd/n/nberk/results/genome/OsativaKitaake_499_v3.0.fa.gz
/pscratch/sd/n/nberk/results/annotation/OsativaKitaake_499_v3.1.gene_exons.gff3.gz
/pscratch/sd/n/nberk/intermediate_files/OsativaKitaake_499_v3.0.introns.bed
/pscratch/sd/n/nberk/intermediate_files/OsativaKitaake_499_v3.0.chrom_len.tsv
/pscratch/sd/n/nberk/intermediate_files/OsativaKitaake_499_v3.0.repeat.bed
/pscratch/sd/n/nberk/results/annotation/OsativaKitaake_499_v3.1.gene_exons.gff3.gz
/pscratch/sd/n/nberk/results/genome/OsativaKitaake_499_v3.0.fa.gz
/pscratch/sd/n/nberk/results/hardmasked_fa/OsativaKitaake_499_v3.0.hardmasked.fa.gz
