/pscratch/sd/n/nberk/intermediate_files/Sbicolor_730_v5.0.repeat.bed
/pscratch/sd/n/nberk/intermediate_files/OsativaKitaake_499_v3.0.chrom_len.tsv
/pscratch/sd/n/nberk/intermediate_files/Tintermedium_770_v3.0.introns.exons.gff3
/pscratch/sd/n/nberk/intermediate_files/Tintermedium_770_v3.0.transcripts.gff3
/pscratch/sd/n/nberk/intermediate_files/Tintermedium_770_v3.0.introns.exons.bed
/pscratch/sd/n/nberk/intermediate_files/Tintermedium_770_v3.0.transcripts.bed
/pscratch/sd/n/nberk/intermediate_files/Tintermedium_770_v3.0.introns.exons.sorted.bed
/pscratch/sd/n/nberk/intermediate_files/Tintermedium_770_v3.0.transcripts.sorted.bed
/pscratch/sd/n/nberk/intermediate_files/Tintermedium_770_v3.0.introns.exons.merged.bed
/pscratch/sd/n/nberk/intermediate_files/Tintermedium_770_v3.0.transcripts.merged.bed
/pscratch/sd/n/nberk/intermediate_files/Tintermedium_770_v3.0.introns.bed
/pscratch/sd/n/nberk/intermediate_files/Zmays_833_Zm-B73-REFERENCE-NAM-5.0.repeat.bed
/pscratch/sd/n/nberk/intermediate_files/Pvirgatum_516_v5.0.chrom_len.tsv
/pscratch/sd/n/nberk/intermediate_files/Sviridis_726_v4.0.labels.csv
/pscratch/sd/n/nberk/intermediate_files/OsativaKitaake_499_v3.0.repeat.bed
/pscratch/sd/n/nberk/intermediate_files/Zmays_833_Zm-B73-REFERENCE-NAM-5.0.chrom_len.tsv
/pscratch/sd/n/nberk/intermediate_files/Phallii_590_v3.0.labels.csv
/pscratch/sd/n/nberk/intermediate_files/Pvirgatum_516_v5.0.repeat.bed
/pscratch/sd/n/nberk/intermediate_files/Tintermedium_770_v3.0.chrom_len.tsv
/pscratch/sd/n/nberk/intermediate_files/Sviridis_726_v4.0.json
/pscratch/sd/n/nberk/intermediate_files/Sbicolor_730_v5.0.labels.csv
/pscratch/sd/n/nberk/intermediate_files/Phallii_590_v3.0.json
/pscratch/sd/n/nberk/intermediate_files/Tintermedium_770_v3.0.repeat.bed
/pscratch/sd/n/nberk/intermediate_files/Sviridis_726_v4.0.introns.exons.gff3
/pscratch/sd/n/nberk/intermediate_files/Sviridis_726_v4.0.transcripts.gff3
/pscratch/sd/n/nberk/intermediate_files/Sviridis_726_v4.0.introns.exons.bed
/pscratch/sd/n/nberk/intermediate_files/Sviridis_726_v4.0.transcripts.bed
/pscratch/sd/n/nberk/intermediate_files/Sviridis_726_v4.0.introns.exons.sorted.bed
/pscratch/sd/n/nberk/intermediate_files/Sviridis_726_v4.0.transcripts.sorted.bed
/pscratch/sd/n/nberk/intermediate_files/Sviridis_726_v4.0.introns.exons.merged.bed
/pscratch/sd/n/nberk/intermediate_files/Sviridis_726_v4.0.transcripts.merged.bed
/pscratch/sd/n/nberk/intermediate_files/Sviridis_726_v4.0.introns.bed
/pscratch/sd/n/nberk/intermediate_files/Phallii_590_v3.0.introns.exons.gff3
/pscratch/sd/n/nberk/intermediate_files/Phallii_590_v3.0.transcripts.gff3
/pscratch/sd/n/nberk/intermediate_files/Phallii_590_v3.0.introns.exons.bed
/pscratch/sd/n/nberk/intermediate_files/Phallii_590_v3.0.transcripts.bed
/pscratch/sd/n/nberk/intermediate_files/Phallii_590_v3.0.introns.exons.sorted.bed
/pscratch/sd/n/nberk/intermediate_files/Phallii_590_v3.0.transcripts.sorted.bed
/pscratch/sd/n/nberk/intermediate_files/Phallii_590_v3.0.introns.exons.merged.bed
/pscratch/sd/n/nberk/intermediate_files/Phallii_590_v3.0.transcripts.merged.bed
/pscratch/sd/n/nberk/intermediate_files/Phallii_590_v3.0.introns.bed
/pscratch/sd/n/nberk/intermediate_files/Sbicolor_730_v5.0.json
/pscratch/sd/n/nberk/intermediate_files/OsativaKitaake_499_v3.0.labels.csv
/pscratch/sd/n/nberk/intermediate_files/Zmays_833_Zm-B73-REFERENCE-NAM-5.0.json
/pscratch/sd/n/nberk/intermediate_files/Sviridis_726_v4.0.chrom_len.tsv
/pscratch/sd/n/nberk/intermediate_files/Sbicolor_730_v5.0.introns.exons.gff3
/pscratch/sd/n/nberk/intermediate_files/Sbicolor_730_v5.0.transcripts.gff3
/pscratch/sd/n/nberk/intermediate_files/Sbicolor_730_v5.0.introns.exons.bed
/pscratch/sd/n/nberk/intermediate_files/Sbicolor_730_v5.0.transcripts.bed
/pscratch/sd/n/nberk/intermediate_files/Sbicolor_730_v5.0.introns.exons.sorted.bed
/pscratch/sd/n/nberk/intermediate_files/Sbicolor_730_v5.0.transcripts.sorted.bed
/pscratch/sd/n/nberk/intermediate_files/Sbicolor_730_v5.0.introns.exons.merged.bed
/pscratch/sd/n/nberk/intermediate_files/Sbicolor_730_v5.0.transcripts.merged.bed
/pscratch/sd/n/nberk/intermediate_files/Sbicolor_730_v5.0.introns.bed
/pscratch/sd/n/nberk/intermediate_files/OsativaKitaake_499_v3.0.json
/pscratch/sd/n/nberk/intermediate_files/Phallii_590_v3.0.chrom_len.tsv
/pscratch/sd/n/nberk/intermediate_files/Zmays_833_Zm-B73-REFERENCE-NAM-5.0.labels.csv
/pscratch/sd/n/nberk/intermediate_files/Pvirgatum_516_v5.0.labels.csv
/pscratch/sd/n/nberk/intermediate_files/Sviridis_726_v4.0.repeat.bed
/pscratch/sd/n/nberk/intermediate_files/OsativaKitaake_499_v3.0.introns.exons.gff3
/pscratch/sd/n/nberk/intermediate_files/OsativaKitaake_499_v3.0.transcripts.gff3
/pscratch/sd/n/nberk/intermediate_files/OsativaKitaake_499_v3.0.introns.exons.bed
/pscratch/sd/n/nberk/intermediate_files/OsativaKitaake_499_v3.0.transcripts.bed
/pscratch/sd/n/nberk/intermediate_files/OsativaKitaake_499_v3.0.introns.exons.sorted.bed
/pscratch/sd/n/nberk/intermediate_files/OsativaKitaake_499_v3.0.transcripts.sorted.bed
/pscratch/sd/n/nberk/intermediate_files/OsativaKitaake_499_v3.0.introns.exons.merged.bed
/pscratch/sd/n/nberk/intermediate_files/OsativaKitaake_499_v3.0.transcripts.merged.bed
/pscratch/sd/n/nberk/intermediate_files/OsativaKitaake_499_v3.0.introns.bed
/pscratch/sd/n/nberk/intermediate_files/Phallii_590_v3.0.repeat.bed
/pscratch/sd/n/nberk/intermediate_files/Sbicolor_730_v5.0.chrom_len.tsv
/pscratch/sd/n/nberk/intermediate_files/Tintermedium_770_v3.0.labels.csv
/pscratch/sd/n/nberk/intermediate_files/Zmays_833_Zm-B73-REFERENCE-NAM-5.0.introns.exons.gff3
/pscratch/sd/n/nberk/intermediate_files/Zmays_833_Zm-B73-REFERENCE-NAM-5.0.transcripts.gff3
/pscratch/sd/n/nberk/intermediate_files/Zmays_833_Zm-B73-REFERENCE-NAM-5.0.introns.exons.bed
/pscratch/sd/n/nberk/intermediate_files/Zmays_833_Zm-B73-REFERENCE-NAM-5.0.transcripts.bed
/pscratch/sd/n/nberk/intermediate_files/Zmays_833_Zm-B73-REFERENCE-NAM-5.0.introns.exons.sorted.bed
/pscratch/sd/n/nberk/intermediate_files/Zmays_833_Zm-B73-REFERENCE-NAM-5.0.transcripts.sorted.bed
/pscratch/sd/n/nberk/intermediate_files/Zmays_833_Zm-B73-REFERENCE-NAM-5.0.introns.exons.merged.bed
/pscratch/sd/n/nberk/intermediate_files/Zmays_833_Zm-B73-REFERENCE-NAM-5.0.transcripts.merged.bed
/pscratch/sd/n/nberk/intermediate_files/Zmays_833_Zm-B73-REFERENCE-NAM-5.0.introns.bed
/pscratch/sd/n/nberk/intermediate_files/Pvirgatum_516_v5.0.json
/pscratch/sd/n/nberk/intermediate_files/Pvirgatum_516_v5.0.introns.exons.gff3
/pscratch/sd/n/nberk/intermediate_files/Pvirgatum_516_v5.0.transcripts.gff3
/pscratch/sd/n/nberk/intermediate_files/Pvirgatum_516_v5.0.introns.exons.bed
/pscratch/sd/n/nberk/intermediate_files/Pvirgatum_516_v5.0.transcripts.bed
/pscratch/sd/n/nberk/intermediate_files/Pvirgatum_516_v5.0.introns.exons.sorted.bed
/pscratch/sd/n/nberk/intermediate_files/Pvirgatum_516_v5.0.transcripts.sorted.bed
/pscratch/sd/n/nberk/intermediate_files/Pvirgatum_516_v5.0.introns.exons.merged.bed
/pscratch/sd/n/nberk/intermediate_files/Pvirgatum_516_v5.0.transcripts.merged.bed
/pscratch/sd/n/nberk/intermediate_files/Pvirgatum_516_v5.0.introns.bed
/pscratch/sd/n/nberk/intermediate_files/Tintermedium_770_v3.0.json
